<Solution>
  <Folder Name="/src/">
    <Project Path="src/Application/Application.csproj" />
    <Project Path="src/Domain/Domain.csproj" />
    <Project Path="src/Infrastructure/Infrastructure.csproj" Id="aaf18e09-96d1-4bde-8c02-d349d2241490" />
    <Project Path="src/WebAPI/WebAPI.csproj" Id="6f76a711-efa7-4908-8801-ffa81a731ac8" />
  </Folder>
  <Project Path="Domain.UnitTests/Domain.UnitTests.csproj" Id="b2369ca2-183a-439c-b7eb-e1eb2601ec94" />
</Solution>
